
Microsoft Visual Studio Solution File, Format Version 12.00
# Visual Studio 2015
Project("{FAE04EC0-301F-11D3-BF4B-00C04F79EFBC}") = "sizergame", "sizergame.csproj", "{B8240BFA-8B9A-81F7-43E5-0BA61288098E}"
EndProject
Global
	GlobalSection(SolutionConfigurationPlatforms) = preSolution
		Debug|Any CPU = Debug|Any CPU
		Release|Any CPU = Release|Any CPU
	EndGlobalSection
	GlobalSection(ProjectConfigurationPlatforms) = postSolution
		{B8240BFA-8B9A-81F7-43E5-0BA61288098E}.Debug|Any CPU.ActiveCfg = Debug|Any CPU
		{B8240BFA-8B9A-81F7-43E5-0BA61288098E}.Debug|Any CPU.Build.0 = Debug|Any CPU
		{B8240BFA-8B9A-81F7-43E5-0BA61288098E}.Release|Any CPU.ActiveCfg = Release|Any CPU
		{B8240BFA-8B9A-81F7-43E5-0BA61288098E}.Release|Any CPU.Build.0 = Release|Any CPU
	EndGlobalSection
	GlobalSection(SolutionProperties) = preSolution
		HideSolutionNode = FALSE
	EndGlobalSection
EndGlobal
